
Microsoft Visual Studio Solution File, Format Version 12.00
# Visual Studio Version 16
VisualStudioVersion = 16.0.29806.167
MinimumVisualStudioVersion = 15.0.26124.0
Project("{2150E333-8FDC-42A3-9474-1A3956D46DE8}") = "src", "src", "{8B8FDD11-0FAC-4D4C-A02F-5F5DC8753D81}"
EndProject
Project("{2150E333-8FDC-42A3-9474-1A3956D46DE8}") = "tests", "tests", "{7E80991F-07D6-4FF5-B472-3EB4BDB4F7B3}"
EndProject
Project("{2150E333-8FDC-42A3-9474-1A3956D46DE8}") = "docs", "docs", "{3E276E61-C1D9-4DAF-A243-434D86A96AF8}"
EndProject
Project("{2150E333-8FDC-42A3-9474-1A3956D46DE8}") = "Solution Items", "Solution Items", "{7A9029D0-D8E4-418E-8AF5-2AD475A4F5BF}"
	ProjectSection(SolutionItems) = preProject
		.editorconfig = .editorconfig
		README.md = README.md
	EndProjectSection
EndProject
Project("{9A19103F-16F7-4668-BE54-9A1E7A4F7556}") = "NetDeepL", "src\NetDeepL\NetDeepL.csproj", "{A86D21DF-5B65-438A-A0CE-6F76DF994FF6}"
EndProject
Project("{9A19103F-16F7-4668-BE54-9A1E7A4F7556}") = "NetDeepL.Tests", "tests\NetDeepL.Tests\NetDeepL.Tests.csproj", "{376D792A-46AC-468A-B13C-9F8D37E342A7}"
EndProject
Project("{2150E333-8FDC-42A3-9474-1A3956D46DE8}") = "samples", "samples", "{66B89815-11A4-46F5-AF3C-E229BA162A6C}"
EndProject
Project("{2150E333-8FDC-42A3-9474-1A3956D46DE8}") = "postman", "postman", "{7C7BE30B-BF07-4869-9FAC-EFF2026156A2}"
	ProjectSection(SolutionItems) = preProject
		postman\DeepL.postman_collection.json = postman\DeepL.postman_collection.json
		postman\DeepL.postman_environment.json = postman\DeepL.postman_environment.json
	EndProjectSection
EndProject
Global
	GlobalSection(SolutionConfigurationPlatforms) = preSolution
		Debug|Any CPU = Debug|Any CPU
		Debug|x64 = Debug|x64
		Debug|x86 = Debug|x86
		Release|Any CPU = Release|Any CPU
		Release|x64 = Release|x64
		Release|x86 = Release|x86
	EndGlobalSection
	GlobalSection(ProjectConfigurationPlatforms) = postSolution
		{A86D21DF-5B65-438A-A0CE-6F76DF994FF6}.Debug|Any CPU.ActiveCfg = Debug|Any CPU
		{A86D21DF-5B65-438A-A0CE-6F76DF994FF6}.Debug|Any CPU.Build.0 = Debug|Any CPU
		{A86D21DF-5B65-438A-A0CE-6F76DF994FF6}.Debug|x64.ActiveCfg = Debug|Any CPU
		{A86D21DF-5B65-438A-A0CE-6F76DF994FF6}.Debug|x64.Build.0 = Debug|Any CPU
		{A86D21DF-5B65-438A-A0CE-6F76DF994FF6}.Debug|x86.ActiveCfg = Debug|Any CPU
		{A86D21DF-5B65-438A-A0CE-6F76DF994FF6}.Debug|x86.Build.0 = Debug|Any CPU
		{A86D21DF-5B65-438A-A0CE-6F76DF994FF6}.Release|Any CPU.ActiveCfg = Release|Any CPU
		{A86D21DF-5B65-438A-A0CE-6F76DF994FF6}.Release|Any CPU.Build.0 = Release|Any CPU
		{A86D21DF-5B65-438A-A0CE-6F76DF994FF6}.Release|x64.ActiveCfg = Release|Any CPU
		{A86D21DF-5B65-438A-A0CE-6F76DF994FF6}.Release|x64.Build.0 = Release|Any CPU
		{A86D21DF-5B65-438A-A0CE-6F76DF994FF6}.Release|x86.ActiveCfg = Release|Any CPU
		{A86D21DF-5B65-438A-A0CE-6F76DF994FF6}.Release|x86.Build.0 = Release|Any CPU
		{376D792A-46AC-468A-B13C-9F8D37E342A7}.Debug|Any CPU.ActiveCfg = Debug|Any CPU
		{376D792A-46AC-468A-B13C-9F8D37E342A7}.Debug|Any CPU.Build.0 = Debug|Any CPU
		{376D792A-46AC-468A-B13C-9F8D37E342A7}.Debug|x64.ActiveCfg = Debug|Any CPU
		{376D792A-46AC-468A-B13C-9F8D37E342A7}.Debug|x64.Build.0 = Debug|Any CPU
		{376D792A-46AC-468A-B13C-9F8D37E342A7}.Debug|x86.ActiveCfg = Debug|Any CPU
		{376D792A-46AC-468A-B13C-9F8D37E342A7}.Debug|x86.Build.0 = Debug|Any CPU
		{376D792A-46AC-468A-B13C-9F8D37E342A7}.Release|Any CPU.ActiveCfg = Release|Any CPU
		{376D792A-46AC-468A-B13C-9F8D37E342A7}.Release|Any CPU.Build.0 = Release|Any CPU
		{376D792A-46AC-468A-B13C-9F8D37E342A7}.Release|x64.ActiveCfg = Release|Any CPU
		{376D792A-46AC-468A-B13C-9F8D37E342A7}.Release|x64.Build.0 = Release|Any CPU
		{376D792A-46AC-468A-B13C-9F8D37E342A7}.Release|x86.ActiveCfg = Release|Any CPU
		{376D792A-46AC-468A-B13C-9F8D37E342A7}.Release|x86.Build.0 = Release|Any CPU
	EndGlobalSection
	GlobalSection(SolutionProperties) = preSolution
		HideSolutionNode = FALSE
	EndGlobalSection
	GlobalSection(NestedProjects) = preSolution
		{A86D21DF-5B65-438A-A0CE-6F76DF994FF6} = {8B8FDD11-0FAC-4D4C-A02F-5F5DC8753D81}
		{376D792A-46AC-468A-B13C-9F8D37E342A7} = {7E80991F-07D6-4FF5-B472-3EB4BDB4F7B3}
	EndGlobalSection
	GlobalSection(ExtensibilityGlobals) = postSolution
		SolutionGuid = {11388035-4431-429C-BE4C-879D461EE175}
	EndGlobalSection
EndGlobal
